// !$*UTF8*$!
{
	archiveVersion = 1;
	classes = {
	};
	objectVersion = 56;
	objects = {

/* Begin PBXBuildFile section */
		DC6F636B2B25531000B2B4A5 /* QRScannerVC.swift in Sources */ = {isa = PBXBuildFile; fileRef = DC6F636A2B25531000B2B4A5 /* QRScannerVC.swift */; };
		DC6F636D2B255E9200B2B4A5 /* UIStoryboard+Extension.swift in Sources */ = {isa = PBXBuildFile; fileRef = DC6F636C2B255E9200B2B4A5 /* UIStoryboard+Extension.swift */; };
		DC6F63702B255F6B00B2B4A5 /* Instantiable.swift in Sources */ = {isa = PBXBuildFile; fileRef = DC6F636F2B255F6B00B2B4A5 /* Instantiable.swift */; };
		DCCAA33F2B24DF8200706122 /* AppDelegate.swift in Sources */ = {isa = PBXBuildFile; fileRef = DCCAA33E2B24DF8200706122 /* AppDelegate.swift */; };
		DCCAA3412B24DF8200706122 /* SceneDelegate.swift in Sources */ = {isa = PBXBuildFile; fileRef = DCCAA3402B24DF8200706122 /* SceneDelegate.swift */; };
		DCCAA3432B24DF8200706122 /* ViewController.swift in Sources */ = {isa = PBXBuildFile; fileRef = DCCAA3422B24DF8200706122 /* ViewController.swift */; };
		DCCAA3462B24DF8200706122 /* Main.storyboard in Resources */ = {isa = PBXBuildFile; fileRef = DCCAA3442B24DF8200706122 /* Main.storyboard */; };
		DCCAA3482B24DF8500706122 /* Assets.xcassets in Resources */ = {isa = PBXBuildFile; fileRef = DCCAA3472B24DF8500706122 /* Assets.xcassets */; };
		DCCAA34B2B24DF8500706122 /* LaunchScreen.storyboard in Resources */ = {isa = PBXBuildFile; fileRef = DCCAA3492B24DF8500706122 /* LaunchScreen.storyboard */; };
		DCCAA3592B24EBD100706122 /* Collection+Extension.swift in Sources */ = {isa = PBXBuildFile; fileRef = DCCAA3582B24EBD100706122 /* Collection+Extension.swift */; };
		DCCAA35C2B24F64400706122 /* SwifterSwift in Frameworks */ = {isa = PBXBuildFile; productRef = DCCAA35B2B24F64400706122 /* SwifterSwift */; };
/* End PBXBuildFile section */

/* Begin PBXFileReference section */
		DC6F636A2B25531000B2B4A5 /* QRScannerVC.swift */ = {isa = PBXFileReference; lastKnownFileType = sourcecode.swift; path = QRScannerVC.swift; sourceTree = "<group>"; };
		DC6F636C2B255E9200B2B4A5 /* UIStoryboard+Extension.swift */ = {isa = PBXFileReference; lastKnownFileType = sourcecode.swift; path = "UIStoryboard+Extension.swift"; sourceTree = "<group>"; };
		DC6F636F2B255F6B00B2B4A5 /* Instantiable.swift */ = {isa = PBXFileReference; lastKnownFileType = sourcecode.swift; path = Instantiable.swift; sourceTree = "<group>"; };
		DCCAA33B2B24DF8200706122 /* QRCodeHelper.app */ = {isa = PBXFileReference; explicitFileType = wrapper.application; includeInIndex = 0; path = QRCodeHelper.app; sourceTree = BUILT_PRODUCTS_DIR; };
		DCCAA33E2B24DF8200706122 /* AppDelegate.swift */ = {isa = PBXFileReference; lastKnownFileType = sourcecode.swift; path = AppDelegate.swift; sourceTree = "<group>"; };
		DCCAA3402B24DF8200706122 /* SceneDelegate.swift */ = {isa = PBXFileReference; lastKnownFileType = sourcecode.swift; path = SceneDelegate.swift; sourceTree = "<group>"; };
		DCCAA3422B24DF8200706122 /* ViewController.swift */ = {isa = PBXFileReference; lastKnownFileType = sourcecode.swift; path = ViewController.swift; sourceTree = "<group>"; };
		DCCAA3452B24DF8200706122 /* Base */ = {isa = PBXFileReference; lastKnownFileType = file.storyboard; name = Base; path = Base.lproj/Main.storyboard; sourceTree = "<group>"; };
		DCCAA3472B24DF8500706122 /* Assets.xcassets */ = {isa = PBXFileReference; lastKnownFileType = folder.assetcatalog; path = Assets.xcassets; sourceTree = "<group>"; };
		DCCAA34A2B24DF8500706122 /* Base */ = {isa = PBXFileReference; lastKnownFileType = file.storyboard; name = Base; path = Base.lproj/LaunchScreen.storyboard; sourceTree = "<group>"; };
		DCCAA34C2B24DF8500706122 /* Info.plist */ = {isa = PBXFileReference; lastKnownFileType = text.plist.xml; path = Info.plist; sourceTree = "<group>"; };
		DCCAA3582B24EBD100706122 /* Collection+Extension.swift */ = {isa = PBXFileReference; lastKnownFileType = sourcecode.swift; path = "Collection+Extension.swift"; sourceTree = "<group>"; };
/* End PBXFileReference section */

/* Begin PBXFrameworksBuildPhase section */
		DCCAA3382B24DF8200706122 /* Frameworks */ = {
			isa = PBXFrameworksBuildPhase;
			buildActionMask = 2147483647;
			files = (
				DCCAA35C2B24F64400706122 /* SwifterSwift in Frameworks */,
			);
			runOnlyForDeploymentPostprocessing = 0;
		};
/* End PBXFrameworksBuildPhase section */

/* Begin PBXGroup section */
		DC6F636E2B255EEE00B2B4A5 /* Utilities */ = {
			isa = PBXGroup;
			children = (
				DC6F636F2B255F6B00B2B4A5 /* Instantiable.swift */,
			);
			path = Utilities;
			sourceTree = "<group>";
		};
		DCCAA3322B24DF8200706122 = {
			isa = PBXGroup;
			children = (
				DCCAA33D2B24DF8200706122 /* QRCodeHelper */,
				DCCAA33C2B24DF8200706122 /* Products */,
			);
			sourceTree = "<group>";
		};
		DCCAA33C2B24DF8200706122 /* Products */ = {
			isa = PBXGroup;
			children = (
				DCCAA33B2B24DF8200706122 /* QRCodeHelper.app */,
			);
			name = Products;
			sourceTree = "<group>";
		};
		DCCAA33D2B24DF8200706122 /* QRCodeHelper */ = {
			isa = PBXGroup;
			children = (
				DCCAA3522B24E61E00706122 /* App */,
				DCCAA3552B24E65200706122 /* Assets */,
				DCCAA3572B24EB8C00706122 /* Extensinos */,
				DC6F636E2B255EEE00B2B4A5 /* Utilities */,
				DCCAA3562B24E66300706122 /* Models */,
				DCCAA3542B24E64200706122 /* Views */,
				DCCAA3532B24E63000706122 /* Controllers */,
				DCCAA34C2B24DF8500706122 /* Info.plist */,
			);
			path = QRCodeHelper;
			sourceTree = "<group>";
		};
		DCCAA3522B24E61E00706122 /* App */ = {
			isa = PBXGroup;
			children = (
				DCCAA33E2B24DF8200706122 /* AppDelegate.swift */,
				DCCAA3402B24DF8200706122 /* SceneDelegate.swift */,
			);
			path = App;
			sourceTree = "<group>";
		};
		DCCAA3532B24E63000706122 /* Controllers */ = {
			isa = PBXGroup;
			children = (
				DCCAA3422B24DF8200706122 /* ViewController.swift */,
				DC6F636A2B25531000B2B4A5 /* QRScannerVC.swift */,
			);
			path = Controllers;
			sourceTree = "<group>";
		};
		DCCAA3542B24E64200706122 /* Views */ = {
			isa = PBXGroup;
			children = (
				DCCAA3442B24DF8200706122 /* Main.storyboard */,
				DCCAA3492B24DF8500706122 /* LaunchScreen.storyboard */,
			);
			path = Views;
			sourceTree = "<group>";
		};
		DCCAA3552B24E65200706122 /* Assets */ = {
			isa = PBXGroup;
			children = (
				DCCAA3472B24DF8500706122 /* Assets.xcassets */,
			);
			path = Assets;
			sourceTree = "<group>";
		};
		DCCAA3562B24E66300706122 /* Models */ = {
			isa = PBXGroup;
			children = (
			);
			path = Models;
			sourceTree = "<group>";
		};
		DCCAA3572B24EB8C00706122 /* Extensinos */ = {
			isa = PBXGroup;
			children = (
				DCCAA3582B24EBD100706122 /* Collection+Extension.swift */,
				DC6F636C2B255E9200B2B4A5 /* UIStoryboard+Extension.swift */,
			);
			path = Extensinos;
			sourceTree = "<group>";
		};
/* End PBXGroup section */

/* Begin PBXNativeTarget section */
		DCCAA33A2B24DF8200706122 /* QRCodeHelper */ = {
			isa = PBXNativeTarget;
			buildConfigurationList = DCCAA34F2B24DF8500706122 /* Build configuration list for PBXNativeTarget "QRCodeHelper" */;
			buildPhases = (
				DCCAA3372B24DF8200706122 /* Sources */,
				DCCAA3382B24DF8200706122 /* Frameworks */,
				DCCAA3392B24DF8200706122 /* Resources */,
			);
			buildRules = (
			);
			dependencies = (
			);
			name = QRCodeHelper;
			packageProductDependencies = (
				DCCAA35B2B24F64400706122 /* SwifterSwift */,
			);
			productName = QRCodeHelper;
			productReference = DCCAA33B2B24DF8200706122 /* QRCodeHelper.app */;
			productType = "com.apple.product-type.application";
		};
/* End PBXNativeTarget section */

/* Begin PBXProject section */
		DCCAA3332B24DF8200706122 /* Project object */ = {
			isa = PBXProject;
			attributes = {
				BuildIndependentTargetsInParallel = 1;
				LastSwiftUpdateCheck = 1500;
				LastUpgradeCheck = 1500;
				TargetAttributes = {
					DCCAA33A2B24DF8200706122 = {
						CreatedOnToolsVersion = 15.0.1;
					};
				};
			};
			buildConfigurationList = DCCAA3362B24DF8200706122 /* Build configuration list for PBXProject "QRCodeHelper" */;
			compatibilityVersion = "Xcode 14.0";
			developmentRegion = en;
			hasScannedForEncodings = 0;
			knownRegions = (
				en,
				Base,
			);
			mainGroup = DCCAA3322B24DF8200706122;
			packageReferences = (
				DCCAA35A2B24F64400706122 /* XCRemoteSwiftPackageReference "SwifterSwift" */,
			);
			productRefGroup = DCCAA33C2B24DF8200706122 /* Products */;
			projectDirPath = "";
			projectRoot = "";
			targets = (
				DCCAA33A2B24DF8200706122 /* QRCodeHelper */,
			);
		};
/* End PBXProject section */

/* Begin PBXResourcesBuildPhase section */
		DCCAA3392B24DF8200706122 /* Resources */ = {
			isa = PBXResourcesBuildPhase;
			buildActionMask = 2147483647;
			files = (
				DCCAA34B2B24DF8500706122 /* LaunchScreen.storyboard in Resources */,
				DCCAA3482B24DF8500706122 /* Assets.xcassets in Resources */,
				DCCAA3462B24DF8200706122 /* Main.storyboard in Resources */,
			);
			runOnlyForDeploymentPostprocessing = 0;
		};
/* End PBXResourcesBuildPhase section */

/* Begin PBXSourcesBuildPhase section */
		DCCAA3372B24DF8200706122 /* Sources */ = {
			isa = PBXSourcesBuildPhase;
			buildActionMask = 2147483647;
			files = (
				DCCAA3432B24DF8200706122 /* ViewController.swift in Sources */,
				DCCAA33F2B24DF8200706122 /* AppDelegate.swift in Sources */,
				DC6F636D2B255E9200B2B4A5 /* UIStoryboard+Extension.swift in Sources */,
				DCCAA3592B24EBD100706122 /* Collection+Extension.swift in Sources */,
				DC6F63702B255F6B00B2B4A5 /* Instantiable.swift in Sources */,
				DCCAA3412B24DF8200706122 /* SceneDelegate.swift in Sources */,
				DC6F636B2B25531000B2B4A5 /* QRScannerVC.swift in Sources */,
			);
			runOnlyForDeploymentPostprocessing = 0;
		};
/* End PBXSourcesBuildPhase section */

/* Begin PBXVariantGroup section */
		DCCAA3442B24DF8200706122 /* Main.storyboard */ = {
			isa = PBXVariantGroup;
			children = (
				DCCAA3452B24DF8200706122 /* Base */,
			);
			name = Main.storyboard;
			sourceTree = "<group>";
		};
		DCCAA3492B24DF8500706122 /* LaunchScreen.storyboard */ = {
			isa = PBXVariantGroup;
			children = (
				DCCAA34A2B24DF8500706122 /* Base */,
			);
			name = LaunchScreen.storyboard;
			sourceTree = "<group>";
		};
/* End PBXVariantGroup section */

/* Begin XCBuildConfiguration section */
		DCCAA34D2B24DF8500706122 /* Debug */ = {
			isa = XCBuildConfiguration;
			buildSettings = {
				ALWAYS_SEARCH_USER_PATHS = NO;
				ASSETCATALOG_COMPILER_GENERATE_SWIFT_ASSET_SYMBOL_EXTENSIONS = YES;
				CLANG_ANALYZER_NONNULL = YES;
				CLANG_ANALYZER_NUMBER_OBJECT_CONVERSION = YES_AGGRESSIVE;
				CLANG_CXX_LANGUAGE_STANDARD = "gnu++20";
				CLANG_ENABLE_MODULES = YES;
				CLANG_ENABLE_OBJC_ARC = YES;
				CLANG_ENABLE_OBJC_WEAK = YES;
				CLANG_WARN_BLOCK_CAPTURE_AUTORELEASING = YES;
				CLANG_WARN_BOOL_CONVERSION = YES;
				CLANG_WARN_COMMA = YES;
				CLANG_WARN_CONSTANT_CONVERSION = YES;
				CLANG_WARN_DEPRECATED_OBJC_IMPLEMENTATIONS = YES;
				CLANG_WARN_DIRECT_OBJC_ISA_USAGE = YES_ERROR;
				CLANG_WARN_DOCUMENTATION_COMMENTS = YES;
				CLANG_WARN_EMPTY_BODY = YES;
				CLANG_WARN_ENUM_CONVERSION = YES;
				CLANG_WARN_INFINITE_RECURSION = YES;
				CLANG_WARN_INT_CONVERSION = YES;
				CLANG_WARN_NON_LITERAL_NULL_CONVERSION = YES;
				CLANG_WARN_OBJC_IMPLICIT_RETAIN_SELF = YES;
				CLANG_WARN_OBJC_LITERAL_CONVERSION = YES;
				CLANG_WARN_OBJC_ROOT_CLASS = YES_ERROR;
				CLANG_WARN_QUOTED_INCLUDE_IN_FRAMEWORK_HEADER = YES;
				CLANG_WARN_RANGE_LOOP_ANALYSIS = YES;
				CLANG_WARN_STRICT_PROTOTYPES = YES;
				CLANG_WARN_SUSPICIOUS_MOVE = YES;
				CLANG_WARN_UNGUARDED_AVAILABILITY = YES_AGGRESSIVE;
				CLANG_WARN_UNREACHABLE_CODE = YES;
				CLANG_WARN__DUPLICATE_METHOD_MATCH = YES;
				COPY_PHASE_STRIP = NO;
				DEBUG_INFORMATION_FORMAT = dwarf;
				ENABLE_STRICT_OBJC_MSGSEND = YES;
				ENABLE_TESTABILITY = YES;
				ENABLE_USER_SCRIPT_SANDBOXING = YES;
				GCC_C_LANGUAGE_STANDARD = gnu17;
				GCC_DYNAMIC_NO_PIC = NO;
				GCC_NO_COMMON_BLOCKS = YES;
				GCC_OPTIMIZATION_LEVEL = 0;
				GCC_PREPROCESSOR_DEFINITIONS = (
					"DEBUG=1",
					"$(inherited)",
				);
				GCC_WARN_64_TO_32_BIT_CONVERSION = YES;
				GCC_WARN_ABOUT_RETURN_TYPE = YES_ERROR;
				GCC_WARN_UNDECLARED_SELECTOR = YES;
				GCC_WARN_UNINITIALIZED_AUTOS = YES_AGGRESSIVE;
				GCC_WARN_UNUSED_FUNCTION = YES;
				GCC_WARN_UNUSED_VARIABLE = YES;
				IPHONEOS_DEPLOYMENT_TARGET = 17.0;
				LOCALIZATION_PREFERS_STRING_CATALOGS = YES;
				MTL_ENABLE_DEBUG_INFO = INCLUDE_SOURCE;
				MTL_FAST_MATH = YES;
				ONLY_ACTIVE_ARCH = YES;
				SDKROOT = iphoneos;
				SWIFT_ACTIVE_COMPILATION_CONDITIONS = "DEBUG $(inherited)";
				SWIFT_OPTIMIZATION_LEVEL = "-Onone";
			};
			name = Debug;
		};
		DCCAA34E2B24DF8500706122 /* Release */ = {
			isa = XCBuildConfiguration;
			buildSettings = {
				ALWAYS_SEARCH_USER_PATHS = NO;
				ASSETCATALOG_COMPILER_GENERATE_SWIFT_ASSET_SYMBOL_EXTENSIONS = YES;
				CLANG_ANALYZER_NONNULL = YES;
				CLANG_ANALYZER_NUMBER_OBJECT_CONVERSION = YES_AGGRESSIVE;
				CLANG_CXX_LANGUAGE_STANDARD = "gnu++20";
				CLANG_ENABLE_MODULES = YES;
				CLANG_ENABLE_OBJC_ARC = YES;
				CLANG_ENABLE_OBJC_WEAK = YES;
				CLANG_WARN_BLOCK_CAPTURE_AUTORELEASING = YES;
				CLANG_WARN_BOOL_CONVERSION = YES;
				CLANG_WARN_COMMA = YES;
				CLANG_WARN_CONSTANT_CONVERSION = YES;
				CLANG_WARN_DEPRECATED_OBJC_IMPLEMENTATIONS = YES;
				CLANG_WARN_DIRECT_OBJC_ISA_USAGE = YES_ERROR;
				CLANG_WARN_DOCUMENTATION_COMMENTS = YES;
				CLANG_WARN_EMPTY_BODY = YES;
				CLANG_WARN_ENUM_CONVERSION = YES;
				CLANG_WARN_INFINITE_RECURSION = YES;
				CLANG_WARN_INT_CONVERSION = YES;
				CLANG_WARN_NON_LITERAL_NULL_CONVERSION = YES;
				CLANG_WARN_OBJC_IMPLICIT_RETAIN_SELF = YES;
				CLANG_WARN_OBJC_LITERAL_CONVERSION = YES;
				CLANG_WARN_OBJC_ROOT_CLASS = YES_ERROR;
				CLANG_WARN_QUOTED_INCLUDE_IN_FRAMEWORK_HEADER = YES;
				CLANG_WARN_RANGE_LOOP_ANALYSIS = YES;
				CLANG_WARN_STRICT_PROTOTYPES = YES;
				CLANG_WARN_SUSPICIOUS_MOVE = YES;
				CLANG_WARN_UNGUARDED_AVAILABILITY = YES_AGGRESSIVE;
				CLANG_WARN_UNREACHABLE_CODE = YES;
				CLANG_WARN__DUPLICATE_METHOD_MATCH = YES;
				COPY_PHASE_STRIP = NO;
				DEBUG_INFORMATION_FORMAT = "dwarf-with-dsym";
				ENABLE_NS_ASSERTIONS = NO;
				ENABLE_STRICT_OBJC_MSGSEND = YES;
				ENABLE_USER_SCRIPT_SANDBOXING = YES;
				GCC_C_LANGUAGE_STANDARD = gnu17;
				GCC_NO_COMMON_BLOCKS = YES;
				GCC_WARN_64_TO_32_BIT_CONVERSION = YES;
				GCC_WARN_ABOUT_RETURN_TYPE = YES_ERROR;
				GCC_WARN_UNDECLARED_SELECTOR = YES;
				GCC_WARN_UNINITIALIZED_AUTOS = YES_AGGRESSIVE;
				GCC_WARN_UNUSED_FUNCTION = YES;
				GCC_WARN_UNUSED_VARIABLE = YES;
				IPHONEOS_DEPLOYMENT_TARGET = 17.0;
				LOCALIZATION_PREFERS_STRING_CATALOGS = YES;
				MTL_ENABLE_DEBUG_INFO = NO;
				MTL_FAST_MATH = YES;
				SDKROOT = iphoneos;
				SWIFT_COMPILATION_MODE = wholemodule;
				VALIDATE_PRODUCT = YES;
			};
			name = Release;
		};
		DCCAA3502B24DF8500706122 /* Debug */ = {
			isa = XCBuildConfiguration;
			buildSettings = {
				ASSETCATALOG_COMPILER_APPICON_NAME = AppIcon;
				ASSETCATALOG_COMPILER_GLOBAL_ACCENT_COLOR_NAME = AccentColor;
				CODE_SIGN_STYLE = Automatic;
				CURRENT_PROJECT_VERSION = 1;
				DEVELOPMENT_TEAM = 87MV5ZDVCZ;
				GENERATE_INFOPLIST_FILE = YES;
				INFOPLIST_FILE = QRCodeHelper/Info.plist;
				INFOPLIST_KEY_UIApplicationSupportsIndirectInputEvents = YES;
				INFOPLIST_KEY_UILaunchStoryboardName = LaunchScreen;
				INFOPLIST_KEY_UIMainStoryboardFile = Main;
				INFOPLIST_KEY_UISupportedInterfaceOrientations_iPad = "UIInterfaceOrientationPortrait UIInterfaceOrientationPortraitUpsideDown UIInterfaceOrientationLandscapeLeft UIInterfaceOrientationLandscapeRight";
				INFOPLIST_KEY_UISupportedInterfaceOrientations_iPhone = "UIInterfaceOrientationPortrait UIInterfaceOrientationLandscapeLeft UIInterfaceOrientationLandscapeRight";
				LD_RUNPATH_SEARCH_PATHS = (
					"$(inherited)",
					"@executable_path/Frameworks",
				);
				MARKETING_VERSION = 1.0;
				PRODUCT_BUNDLE_IDENTIFIER = com.muhammadasad.QRCodeHelper;
				PRODUCT_NAME = "$(TARGET_NAME)";
				SWIFT_EMIT_LOC_STRINGS = YES;
				SWIFT_VERSION = 5.0;
				TARGETED_DEVICE_FAMILY = "1,2";
			};
			name = Debug;
		};
		DCCAA3512B24DF8500706122 /* Release */ = {
			isa = XCBuildConfiguration;
			buildSettings = {
				ASSETCATALOG_COMPILER_APPICON_NAME = AppIcon;
				ASSETCATALOG_COMPILER_GLOBAL_ACCENT_COLOR_NAME = AccentColor;
				CODE_SIGN_STYLE = Automatic;
				CURRENT_PROJECT_VERSION = 1;
				DEVELOPMENT_TEAM = 87MV5ZDVCZ;
				GENERATE_INFOPLIST_FILE = YES;
				INFOPLIST_FILE = QRCodeHelper/Info.plist;
				INFOPLIST_KEY_UIApplicationSupportsIndirectInputEvents = YES;
				INFOPLIST_KEY_UILaunchStoryboardName = LaunchScreen;
				INFOPLIST_KEY_UIMainStoryboardFile = Main;
				INFOPLIST_KEY_UISupportedInterfaceOrientations_iPad = "UIInterfaceOrientationPortrait UIInterfaceOrientationPortraitUpsideDown UIInterfaceOrientationLandscapeLeft UIInterfaceOrientationLandscapeRight";
				INFOPLIST_KEY_UISupportedInterfaceOrientations_iPhone = "UIInterfaceOrientationPortrait UIInterfaceOrientationLandscapeLeft UIInterfaceOrientationLandscapeRight";
				LD_RUNPATH_SEARCH_PATHS = (
					"$(inherited)",
					"@executable_path/Frameworks",
				);
				MARKETING_VERSION = 1.0;
				PRODUCT_BUNDLE_IDENTIFIER = com.muhammadasad.QRCodeHelper;
				PRODUCT_NAME = "$(TARGET_NAME)";
				SWIFT_EMIT_LOC_STRINGS = YES;
				SWIFT_VERSION = 5.0;
				TARGETED_DEVICE_FAMILY = "1,2";
			};
			name = Release;
		};
/* End XCBuildConfiguration section */

/* Begin XCConfigurationList section */
		DCCAA3362B24DF8200706122 /* Build configuration list for PBXProject "QRCodeHelper" */ = {
			isa = XCConfigurationList;
			buildConfigurations = (
				DCCAA34D2B24DF8500706122 /* Debug */,
				DCCAA34E2B24DF8500706122 /* Release */,
			);
			defaultConfigurationIsVisible = 0;
			defaultConfigurationName = Release;
		};
		DCCAA34F2B24DF8500706122 /* Build configuration list for PBXNativeTarget "QRCodeHelper" */ = {
			isa = XCConfigurationList;
			buildConfigurations = (
				DCCAA3502B24DF8500706122 /* Debug */,
				DCCAA3512B24DF8500706122 /* Release */,
			);
			defaultConfigurationIsVisible = 0;
			defaultConfigurationName = Release;
		};
/* End XCConfigurationList section */

/* Begin XCRemoteSwiftPackageReference section */
		DCCAA35A2B24F64400706122 /* XCRemoteSwiftPackageReference "SwifterSwift" */ = {
			isa = XCRemoteSwiftPackageReference;
			repositoryURL = "https://github.com/SwifterSwift/SwifterSwift.git";
			requirement = {
				kind = upToNextMajorVersion;
				minimumVersion = 6.0.0;
			};
		};
/* End XCRemoteSwiftPackageReference section */

/* Begin XCSwiftPackageProductDependency section */
		DCCAA35B2B24F64400706122 /* SwifterSwift */ = {
			isa = XCSwiftPackageProductDependency;
			package = DCCAA35A2B24F64400706122 /* XCRemoteSwiftPackageReference "SwifterSwift" */;
			productName = SwifterSwift;
		};
/* End XCSwiftPackageProductDependency section */
	};
	rootObject = DCCAA3332B24DF8200706122 /* Project object */;
}
